{
  "name": "Blog_Cesar",
  "lockfileVersion": 3,
  "requires": true,
  "packages": {
    "": {
      "dependencies": {
        "clamp-js-main": "^0.11.6"
      }
    },
    "node_modules/clamp-js-main": {
      "version": "0.11.6",
      "resolved": "https://registry.npmjs.org/clamp-js-main/-/clamp-js-main-0.11.6.tgz",
      "integrity": "sha512-Am5og1TzbYZDUv0MQX3OZB7D/rNZTqNho5sb0M1v+e8X8blV7H/lrJDTYrJqC3nXyokda9EP6mVvQBPOKb8/gA=="
    }
  }
}
